schema: '2.0'
stages:
  createmeaningoflife:
    cmd: uv run meaningoflifesimple.py
    deps:
    - path: meaningoflifesimple.py
      hash: md5
      md5: 040d8d6d0488db5a5d599a0a9561c314
      size: 393
    outs:
    - path: meaning_of_life.txt
      hash: md5
      md5: 50a2fabfdd276f573ff97ace8b11c5f4
      size: 3
  copyfile:
    cmd: cp meaning_of_life.txt meaning_of_life_copy.txt
    deps:
    - path: meaning_of_life.txt
      hash: md5
      md5: 50a2fabfdd276f573ff97ace8b11c5f4
      size: 3
    outs:
    - path: meaning_of_life_copy.txt
      hash: md5
      md5: 50a2fabfdd276f573ff97ace8b11c5f4
      size: 3
  createmeaningoflifesinewave:
    cmd: uv run createsinewave.py
    deps:
    - path: createsinewave.py
      hash: md5
      md5: 949ef60b4992e09b13de1d209248480a
      size: 644
    - path: meaning_of_life_copy.txt
      hash: md5
      md5: 50a2fabfdd276f573ff97ace8b11c5f4
      size: 3
    outs:
    - path: meaning_of_life_sine_wave.pdf
      hash: md5
      md5: 0b6ee10bdecd3d8ae11023d037f6cb03
      size: 82961
