schema: '2.0'
stages:
  createmeaningoflife:
    cmd: uv run meaningoflifesimple.py
    deps:
    - path: meaningoflifesimple.py
      hash: md5
      md5: 2df2c5574715679a386070c7f9bc45dc
      size: 362
    outs:
    - path: meaning_of_life.txt
      hash: md5
      md5: 50a2fabfdd276f573ff97ace8b11c5f4
      size: 3
  copyfile:
    cmd: cp meaning_of_life.txt meaning_of_life_copy.txt
    deps:
    - path: meaning_of_life.txt
      hash: md5
      md5: 50a2fabfdd276f573ff97ace8b11c5f4
      size: 3
    outs:
    - path: meaning_of_life_copy.txt
      hash: md5
      md5: 50a2fabfdd276f573ff97ace8b11c5f4
      size: 3
